
Microsoft Visual Studio Solution File, Format Version 12.00
# Visual Studio Version 17
VisualStudioVersion = 17.5.002.0
MinimumVisualStudioVersion = 10.0.40219.1
Project("{9A19103F-16F7-4668-BE54-9A1E7A4F7556}") = "C#", "C#.csproj", "{053AD5C4-6E89-4D24-97A6-A42D580C6303}"
EndProject
Global
	GlobalSection(SolutionConfigurationPlatforms) = preSolution
		Debug|Any CPU = Debug|Any CPU
		Release|Any CPU = Release|Any CPU
	EndGlobalSection
	GlobalSection(ProjectConfigurationPlatforms) = postSolution
		{053AD5C4-6E89-4D24-97A6-A42D580C6303}.Debug|Any CPU.ActiveCfg = Debug|Any CPU
		{053AD5C4-6E89-4D24-97A6-A42D580C6303}.Debug|Any CPU.Build.0 = Debug|Any CPU
		{053AD5C4-6E89-4D24-97A6-A42D580C6303}.Release|Any CPU.ActiveCfg = Release|Any CPU
		{053AD5C4-6E89-4D24-97A6-A42D580C6303}.Release|Any CPU.Build.0 = Release|Any CPU
	EndGlobalSection
	GlobalSection(SolutionProperties) = preSolution
		HideSolutionNode = FALSE
	EndGlobalSection
	GlobalSection(ExtensibilityGlobals) = postSolution
		SolutionGuid = {EDCBFD09-825A-48B4-8117-6FD75F96EAF7}
	EndGlobalSection
EndGlobal
